{"is_source_file": false, "format": "", "description": "", "external_files": [], "external_methods": [], "published": [], "classes": [], "methods": [], "calls": [], "search-terms": [], "state": 2, "file_id": 24, "knowledge_revision": 54, "git_revision": "64eb6d20e526cb26e9641adacf13bb6cec715101", "hash": "e9b4c3b42cef0193b7fddb548d37e652", "format-version": 4, "code-base-name": "default", "filename": "streamvibe/post_process_status.lock", "revision_history": [{"54": "64eb6d20e526cb26e9641adacf13bb6cec715101"}]}